
Microsoft Visual Studio Solution File, Format Version 12.00
# Visual Studio Version 16
VisualStudioVersion = 16.0.31019.35
MinimumVisualStudioVersion = 10.0.40219.1
Project("{FAE04EC0-301F-11D3-BF4B-00C04F79EFBC}") = "Dictionary", "Dictionary\Dictionary.csproj", "{5DBFF719-9279-4449-95C5-925DE5C3A305}"
EndProject
Project("{FAE04EC0-301F-11D3-BF4B-00C04F79EFBC}") = "Dictionary2", "Dictionary2\Dictionary2.csproj", "{C000354B-EE7F-4637-B382-5881F3778841}"
EndProject
Global
	GlobalSection(SolutionConfigurationPlatforms) = preSolution
		Debug|Any CPU = Debug|Any CPU
		Release|Any CPU = Release|Any CPU
	EndGlobalSection
	GlobalSection(ProjectConfigurationPlatforms) = postSolution
		{5DBFF719-9279-4449-95C5-925DE5C3A305}.Debug|Any CPU.ActiveCfg = Debug|Any CPU
		{5DBFF719-9279-4449-95C5-925DE5C3A305}.Debug|Any CPU.Build.0 = Debug|Any CPU
		{5DBFF719-9279-4449-95C5-925DE5C3A305}.Release|Any CPU.ActiveCfg = Release|Any CPU
		{5DBFF719-9279-4449-95C5-925DE5C3A305}.Release|Any CPU.Build.0 = Release|Any CPU
		{C000354B-EE7F-4637-B382-5881F3778841}.Debug|Any CPU.ActiveCfg = Debug|Any CPU
		{C000354B-EE7F-4637-B382-5881F3778841}.Debug|Any CPU.Build.0 = Debug|Any CPU
		{C000354B-EE7F-4637-B382-5881F3778841}.Release|Any CPU.ActiveCfg = Release|Any CPU
		{C000354B-EE7F-4637-B382-5881F3778841}.Release|Any CPU.Build.0 = Release|Any CPU
	EndGlobalSection
	GlobalSection(SolutionProperties) = preSolution
		HideSolutionNode = FALSE
	EndGlobalSection
	GlobalSection(ExtensibilityGlobals) = postSolution
		SolutionGuid = {C52E08FC-7FF6-42F8-A600-90D985EBE7DB}
	EndGlobalSection
EndGlobal
